[ "cowboy": {:git, "git://github.com/extend/cowboy.git", "2b2829f5855e4b2a6ba5e0ca5ccefd42fa2e9524", []},
  "cowlib": {:git, "git://github.com/extend/cowlib.git", "2f35af5b0a67f591dde5ae4305a9587988a37c0c", [{:ref, "0.1.0"}]},
  "dynamo": {:git, "git://github.com/elixir-lang/dynamo.git", "cc11aa6817399b623b7d5edcc94db179948257a1", []},
  "ecto": {:git, "git://github.com/elixir-lang/ecto.git", "a2e8dff2e3b30cc27871f3e4cca3ef9120cdf867", []},
  "ex_doc": {:git, "git://github.com/elixir-lang/ex_doc.git", "9d2788ee237530f26ffb5920adb924e4d2edd06d", []},
  "exjson": {:git, "git://github.com/guedes/exjson.git", "870de62caafc02e89ccaeb30f8b80f3fcc5e89ee", []},
  "hackney": {:git, "git://github.com/benoitc/hackney.git", "5b0f7eb949ebebd6fabfbc4e08a7b7231850606a", []},
  "mimetypes": {:git, "git://github.com/spawngrid/mimetypes.git", "47d37a977a7d633199822bf6b08353007483d00f", []},
  "pgsql": {:git, "git://github.com/semiocast/pgsql.git", "2df33a2925e097aecf28eaefc5bb4c686f347c0e", []},
  "poolboy": {:git, "git://github.com/devinus/poolboy.git", "91b68de43d49bcccf2631016febda70b20d7aa75", []},
  "ranch": {:git, "git://github.com/extend/ranch.git", "41705752ffc7e3ecb96eef8374015ead4ca7f699", [{:ref, "0.8.5"}]} ]
