[ "cowboy": {:git, "git://github.com/extend/cowboy.git", "6672ea04155a075e60381413bf9b65b3974b7d57", []},
  "cowlib": {:git, "git://github.com/extend/cowlib.git", "34a39ef28ca841fb9233ce9df3ec654eb321c5e5", [{:ref, "0.3.0"}]},
  "dynamo": {:git, "git://github.com/elixir-lang/dynamo.git", "725e0acbf09e3015edeadd5fe274af9633918073", []},
  "ecto": {:git, "git://github.com/elixir-lang/ecto.git", "37f1e697315095deed315b7ff34bddfd24b8beab", []},
  "ex_doc": {:git, "git://github.com/elixir-lang/ex_doc.git", "3be009f28fa6012688138abe34b74d3fb394e4a6", []},
  "exjson": {:git, "git://github.com/guedes/exjson.git", "870de62caafc02e89ccaeb30f8b80f3fcc5e89ee", []},
  "hackney": {:git, "git://github.com/benoitc/hackney.git", "5b0f7eb949ebebd6fabfbc4e08a7b7231850606a", []},
  "mimetypes": {:git, "git://github.com/spawngrid/mimetypes.git", "47d37a977a7d633199822bf6b08353007483d00f", []},
  "pgsql": {:git, "git://github.com/semiocast/pgsql.git", "2df33a2925e097aecf28eaefc5bb4c686f347c0e", []},
  "poolboy": {:git, "git://github.com/devinus/poolboy.git", "c2c939b51aba06790ca51fa78b14c254a6ea977d", []},
  "postgrex": {:git, "git://github.com/ericmj/postgrex.git", "b234ba84e8ce61276f350ce044186c752261e6e6", []},
  "ranch": {:git, "git://github.com/extend/ranch.git", "41705752ffc7e3ecb96eef8374015ead4ca7f699", [{:ref, "0.8.5"}]} ]
