[ "cowboy": {:git, "git://github.com/extend/cowboy.git", "903594bb8709db4fa98697ecf8adbdccabf64a83", []},
  "cowlib": {:git, "git://github.com/extend/cowlib.git", "2e0fc55f71bfeb543fd2218abed85890ff1e3e82", [ref: "0.5.0"]},
  "decimal": {:git, "git://github.com/ericmj/decimal.git", "ca3ca3de2425b1ee19d175eca92d80dcfe02fdb1", []},
  "dynamo": {:git, "git://github.com/elixir-lang/dynamo.git", "5f45a150a914c86cf17f2b69c158ef5987884664", []},
  "ecto": {:git, "git://github.com/elixir-lang/ecto.git", "b24db80caaef0d8d27a90f5ad31c946e5a4beeaa", []},
  "ex_doc": {:git, "git://github.com/elixir-lang/ex_doc.git", "e6386d3f81a9d46bbd9b6f3e4f7c5f1273f465f1", []},
  "exjson": {:git, "git://github.com/guedes/exjson.git", "bd9dcb7e78c2344bb491098405f2b81d53979dcd", []},
  "hackney": {:git, "git://github.com/benoitc/hackney.git", "5b0f7eb949ebebd6fabfbc4e08a7b7231850606a", []},
  "mime": {:git, "git://github.com/dynamo/mime.git", "7e56a3dd5692afcd39c9797ae2898c5841967098", []},
  "mimetypes": {:git, "git://github.com/spawngrid/mimetypes.git", "47d37a977a7d633199822bf6b08353007483d00f", []},
  "pgsql": {:git, "git://github.com/semiocast/pgsql.git", "2df33a2925e097aecf28eaefc5bb4c686f347c0e", []},
  "poolboy": {:git, "git://github.com/devinus/poolboy.git", "d47df5df57b22eb183b0c48c8dcc5f9827fad71b", []},
  "postgrex": {:git, "git://github.com/ericmj/postgrex.git", "c6fbb72d6f0678efd02e58b38cf2308397f0566a", []},
  "ranch": {:git, "git://github.com/extend/ranch.git", "5df1f222f94e08abdcab7084f5e13027143cc222", [ref: "0.9.0"]} ]
